// !$*UTF8*$!
{
	archiveVersion = 1;
	classes = {
	};
	objectVersion = 54;
	objects = {

/* Begin PBXBuildFile section */
		E7EFF4D09C7DA19442BD8EA8 /* Pods_PersonalWellness.framework in Frameworks */ = {isa = PBXBuildFile; fileRef = F3697D0DB182E5F04D46A381 /* Pods_PersonalWellness.framework */; };
		FE5073602811BADE00D9F0A0 /* AppDelegate.swift in Sources */ = {isa = PBXBuildFile; fileRef = FE50735F2811BADE00D9F0A0 /* AppDelegate.swift */; };
		FE5073622811BADE00D9F0A0 /* SceneDelegate.swift in Sources */ = {isa = PBXBuildFile; fileRef = FE5073612811BADE00D9F0A0 /* SceneDelegate.swift */; };
		FE5073672811BADE00D9F0A0 /* Main.storyboard in Resources */ = {isa = PBXBuildFile; fileRef = FE5073652811BADE00D9F0A0 /* Main.storyboard */; };
		FE5073692811BAE000D9F0A0 /* Assets.xcassets in Resources */ = {isa = PBXBuildFile; fileRef = FE5073682811BAE000D9F0A0 /* Assets.xcassets */; };
		FE50736C2811BAE000D9F0A0 /* LaunchScreen.storyboard in Resources */ = {isa = PBXBuildFile; fileRef = FE50736A2811BAE000D9F0A0 /* LaunchScreen.storyboard */; };
		FE5073742811D4BB00D9F0A0 /* MenuViewController.swift in Sources */ = {isa = PBXBuildFile; fileRef = FE5073732811D4BB00D9F0A0 /* MenuViewController.swift */; };
		FE5073762813322000D9F0A0 /* MoodViewController.swift in Sources */ = {isa = PBXBuildFile; fileRef = FE5073752813321F00D9F0A0 /* MoodViewController.swift */; };
		FE5073782813322C00D9F0A0 /* HabitViewController.swift in Sources */ = {isa = PBXBuildFile; fileRef = FE5073772813322C00D9F0A0 /* HabitViewController.swift */; };
		FE50737A2815C1A900D9F0A0 /* GoogleService-Info.plist in Resources */ = {isa = PBXBuildFile; fileRef = FE5073792815C1A800D9F0A0 /* GoogleService-Info.plist */; };
/* End PBXBuildFile section */

/* Begin PBXFileReference section */
		2636F8842615AD9FCF01898D /* Pods-PersonalWellness.release.xcconfig */ = {isa = PBXFileReference; includeInIndex = 1; lastKnownFileType = text.xcconfig; name = "Pods-PersonalWellness.release.xcconfig"; path = "Target Support Files/Pods-PersonalWellness/Pods-PersonalWellness.release.xcconfig"; sourceTree = "<group>"; };
		C9ADF46F4315318350CF4E3D /* Pods-PersonalWellness.debug.xcconfig */ = {isa = PBXFileReference; includeInIndex = 1; lastKnownFileType = text.xcconfig; name = "Pods-PersonalWellness.debug.xcconfig"; path = "Target Support Files/Pods-PersonalWellness/Pods-PersonalWellness.debug.xcconfig"; sourceTree = "<group>"; };
		F3697D0DB182E5F04D46A381 /* Pods_PersonalWellness.framework */ = {isa = PBXFileReference; explicitFileType = wrapper.framework; includeInIndex = 0; path = Pods_PersonalWellness.framework; sourceTree = BUILT_PRODUCTS_DIR; };
		FE50735C2811BADE00D9F0A0 /* PersonalWellness.app */ = {isa = PBXFileReference; explicitFileType = wrapper.application; includeInIndex = 0; path = PersonalWellness.app; sourceTree = BUILT_PRODUCTS_DIR; };
		FE50735F2811BADE00D9F0A0 /* AppDelegate.swift */ = {isa = PBXFileReference; lastKnownFileType = sourcecode.swift; path = AppDelegate.swift; sourceTree = "<group>"; };
		FE5073612811BADE00D9F0A0 /* SceneDelegate.swift */ = {isa = PBXFileReference; lastKnownFileType = sourcecode.swift; path = SceneDelegate.swift; sourceTree = "<group>"; };
		FE5073662811BADE00D9F0A0 /* Base */ = {isa = PBXFileReference; lastKnownFileType = file.storyboard; name = Base; path = Base.lproj/Main.storyboard; sourceTree = "<group>"; };
		FE5073682811BAE000D9F0A0 /* Assets.xcassets */ = {isa = PBXFileReference; lastKnownFileType = folder.assetcatalog; path = Assets.xcassets; sourceTree = "<group>"; };
		FE50736B2811BAE000D9F0A0 /* Base */ = {isa = PBXFileReference; lastKnownFileType = file.storyboard; name = Base; path = Base.lproj/LaunchScreen.storyboard; sourceTree = "<group>"; };
		FE50736D2811BAE000D9F0A0 /* Info.plist */ = {isa = PBXFileReference; lastKnownFileType = text.plist.xml; path = Info.plist; sourceTree = "<group>"; };
		FE5073732811D4BB00D9F0A0 /* MenuViewController.swift */ = {isa = PBXFileReference; lastKnownFileType = sourcecode.swift; path = MenuViewController.swift; sourceTree = "<group>"; };
		FE5073752813321F00D9F0A0 /* MoodViewController.swift */ = {isa = PBXFileReference; lastKnownFileType = sourcecode.swift; path = MoodViewController.swift; sourceTree = "<group>"; };
		FE5073772813322C00D9F0A0 /* HabitViewController.swift */ = {isa = PBXFileReference; lastKnownFileType = sourcecode.swift; path = HabitViewController.swift; sourceTree = "<group>"; };
		FE5073792815C1A800D9F0A0 /* GoogleService-Info.plist */ = {isa = PBXFileReference; fileEncoding = 4; lastKnownFileType = text.plist.xml; path = "GoogleService-Info.plist"; sourceTree = "<group>"; };
/* End PBXFileReference section */

/* Begin PBXFrameworksBuildPhase section */
		FE5073592811BADE00D9F0A0 /* Frameworks */ = {
			isa = PBXFrameworksBuildPhase;
			buildActionMask = 2147483647;
			files = (
				E7EFF4D09C7DA19442BD8EA8 /* Pods_PersonalWellness.framework in Frameworks */,
			);
			runOnlyForDeploymentPostprocessing = 0;
		};
/* End PBXFrameworksBuildPhase section */

/* Begin PBXGroup section */
		211CC33BE0C861C2421EE9F3 /* Frameworks */ = {
			isa = PBXGroup;
			children = (
				F3697D0DB182E5F04D46A381 /* Pods_PersonalWellness.framework */,
			);
			name = Frameworks;
			sourceTree = "<group>";
		};
		6F26B1E167F49242C0EFE150 /* Pods */ = {
			isa = PBXGroup;
			children = (
				C9ADF46F4315318350CF4E3D /* Pods-PersonalWellness.debug.xcconfig */,
				2636F8842615AD9FCF01898D /* Pods-PersonalWellness.release.xcconfig */,
			);
			name = Pods;
			path = Pods;
			sourceTree = "<group>";
		};
		FE5073532811BADE00D9F0A0 = {
			isa = PBXGroup;
			children = (
				FE50735E2811BADE00D9F0A0 /* PersonalWellness */,
				FE50735D2811BADE00D9F0A0 /* Products */,
				6F26B1E167F49242C0EFE150 /* Pods */,
				211CC33BE0C861C2421EE9F3 /* Frameworks */,
			);
			sourceTree = "<group>";
		};
		FE50735D2811BADE00D9F0A0 /* Products */ = {
			isa = PBXGroup;
			children = (
				FE50735C2811BADE00D9F0A0 /* PersonalWellness.app */,
			);
			name = Products;
			sourceTree = "<group>";
		};
		FE50735E2811BADE00D9F0A0 /* PersonalWellness */ = {
			isa = PBXGroup;
			children = (
				FE50735F2811BADE00D9F0A0 /* AppDelegate.swift */,
				FE5073612811BADE00D9F0A0 /* SceneDelegate.swift */,
				FE5073732811D4BB00D9F0A0 /* MenuViewController.swift */,
				FE5073752813321F00D9F0A0 /* MoodViewController.swift */,
				FE5073772813322C00D9F0A0 /* HabitViewController.swift */,
				FE5073652811BADE00D9F0A0 /* Main.storyboard */,
				FE5073792815C1A800D9F0A0 /* GoogleService-Info.plist */,
				FE5073682811BAE000D9F0A0 /* Assets.xcassets */,
				FE50736A2811BAE000D9F0A0 /* LaunchScreen.storyboard */,
				FE50736D2811BAE000D9F0A0 /* Info.plist */,
			);
			path = PersonalWellness;
			sourceTree = "<group>";
		};
/* End PBXGroup section */

/* Begin PBXNativeTarget section */
		FE50735B2811BADE00D9F0A0 /* PersonalWellness */ = {
			isa = PBXNativeTarget;
			buildConfigurationList = FE5073702811BAE000D9F0A0 /* Build configuration list for PBXNativeTarget "PersonalWellness" */;
			buildPhases = (
				24DE81B7954C9C0DB77DA3F1 /* [CP] Check Pods Manifest.lock */,
				FE5073582811BADE00D9F0A0 /* Sources */,
				FE5073592811BADE00D9F0A0 /* Frameworks */,
				FE50735A2811BADE00D9F0A0 /* Resources */,
				D98E548C6E21C23A29E23096 /* [CP] Embed Pods Frameworks */,
			);
			buildRules = (
			);
			dependencies = (
			);
			name = PersonalWellness;
			productName = PersonalWellness;
			productReference = FE50735C2811BADE00D9F0A0 /* PersonalWellness.app */;
			productType = "com.apple.product-type.application";
		};
/* End PBXNativeTarget section */

/* Begin PBXProject section */
		FE5073542811BADE00D9F0A0 /* Project object */ = {
			isa = PBXProject;
			attributes = {
				BuildIndependentTargetsInParallel = 1;
				KnownAssetTags = (
					skincare,
				);
				LastSwiftUpdateCheck = 1330;
				LastUpgradeCheck = 1330;
				TargetAttributes = {
					FE50735B2811BADE00D9F0A0 = {
						CreatedOnToolsVersion = 13.3.1;
					};
				};
			};
			buildConfigurationList = FE5073572811BADE00D9F0A0 /* Build configuration list for PBXProject "PersonalWellness" */;
			compatibilityVersion = "Xcode 12.0";
			developmentRegion = en;
			hasScannedForEncodings = 0;
			knownRegions = (
				en,
				Base,
			);
			mainGroup = FE5073532811BADE00D9F0A0;
			productRefGroup = FE50735D2811BADE00D9F0A0 /* Products */;
			projectDirPath = "";
			projectRoot = "";
			targets = (
				FE50735B2811BADE00D9F0A0 /* PersonalWellness */,
			);
		};
/* End PBXProject section */

/* Begin PBXResourcesBuildPhase section */
		FE50735A2811BADE00D9F0A0 /* Resources */ = {
			isa = PBXResourcesBuildPhase;
			buildActionMask = 2147483647;
			files = (
				FE50736C2811BAE000D9F0A0 /* LaunchScreen.storyboard in Resources */,
				FE50737A2815C1A900D9F0A0 /* GoogleService-Info.plist in Resources */,
				FE5073692811BAE000D9F0A0 /* Assets.xcassets in Resources */,
				FE5073672811BADE00D9F0A0 /* Main.storyboard in Resources */,
			);
			runOnlyForDeploymentPostprocessing = 0;
		};
/* End PBXResourcesBuildPhase section */

/* Begin PBXShellScriptBuildPhase section */
		24DE81B7954C9C0DB77DA3F1 /* [CP] Check Pods Manifest.lock */ = {
			isa = PBXShellScriptBuildPhase;
			buildActionMask = 2147483647;
			files = (
			);
			inputFileListPaths = (
			);
			inputPaths = (
				"${PODS_PODFILE_DIR_PATH}/Podfile.lock",
				"${PODS_ROOT}/Manifest.lock",
			);
			name = "[CP] Check Pods Manifest.lock";
			outputFileListPaths = (
			);
			outputPaths = (
				"$(DERIVED_FILE_DIR)/Pods-PersonalWellness-checkManifestLockResult.txt",
			);
			runOnlyForDeploymentPostprocessing = 0;
			shellPath = /bin/sh;
			shellScript = "diff \"${PODS_PODFILE_DIR_PATH}/Podfile.lock\" \"${PODS_ROOT}/Manifest.lock\" > /dev/null\nif [ $? != 0 ] ; then\n    # print error to STDERR\n    echo \"error: The sandbox is not in sync with the Podfile.lock. Run 'pod install' or update your CocoaPods installation.\" >&2\n    exit 1\nfi\n# This output is used by Xcode 'outputs' to avoid re-running this script phase.\necho \"SUCCESS\" > \"${SCRIPT_OUTPUT_FILE_0}\"\n";
			showEnvVarsInLog = 0;
		};
		D98E548C6E21C23A29E23096 /* [CP] Embed Pods Frameworks */ = {
			isa = PBXShellScriptBuildPhase;
			buildActionMask = 2147483647;
			files = (
			);
			inputFileListPaths = (
				"${PODS_ROOT}/Target Support Files/Pods-PersonalWellness/Pods-PersonalWellness-frameworks-${CONFIGURATION}-input-files.xcfilelist",
			);
			name = "[CP] Embed Pods Frameworks";
			outputFileListPaths = (
				"${PODS_ROOT}/Target Support Files/Pods-PersonalWellness/Pods-PersonalWellness-frameworks-${CONFIGURATION}-output-files.xcfilelist",
			);
			runOnlyForDeploymentPostprocessing = 0;
			shellPath = /bin/sh;
			shellScript = "\"${PODS_ROOT}/Target Support Files/Pods-PersonalWellness/Pods-PersonalWellness-frameworks.sh\"\n";
			showEnvVarsInLog = 0;
		};
/* End PBXShellScriptBuildPhase section */

/* Begin PBXSourcesBuildPhase section */
		FE5073582811BADE00D9F0A0 /* Sources */ = {
			isa = PBXSourcesBuildPhase;
			buildActionMask = 2147483647;
			files = (
				FE5073602811BADE00D9F0A0 /* AppDelegate.swift in Sources */,
				FE5073762813322000D9F0A0 /* MoodViewController.swift in Sources */,
				FE5073782813322C00D9F0A0 /* HabitViewController.swift in Sources */,
				FE5073742811D4BB00D9F0A0 /* MenuViewController.swift in Sources */,
				FE5073622811BADE00D9F0A0 /* SceneDelegate.swift in Sources */,
			);
			runOnlyForDeploymentPostprocessing = 0;
		};
/* End PBXSourcesBuildPhase section */

/* Begin PBXVariantGroup section */
		FE5073652811BADE00D9F0A0 /* Main.storyboard */ = {
			isa = PBXVariantGroup;
			children = (
				FE5073662811BADE00D9F0A0 /* Base */,
			);
			name = Main.storyboard;
			sourceTree = "<group>";
		};
		FE50736A2811BAE000D9F0A0 /* LaunchScreen.storyboard */ = {
			isa = PBXVariantGroup;
			children = (
				FE50736B2811BAE000D9F0A0 /* Base */,
			);
			name = LaunchScreen.storyboard;
			sourceTree = "<group>";
		};
/* End PBXVariantGroup section */

/* Begin XCBuildConfiguration section */
		FE50736E2811BAE000D9F0A0 /* Debug */ = {
			isa = XCBuildConfiguration;
			buildSettings = {
				ALWAYS_SEARCH_USER_PATHS = NO;
				CLANG_ANALYZER_NONNULL = YES;
				CLANG_ANALYZER_NUMBER_OBJECT_CONVERSION = YES_AGGRESSIVE;
				CLANG_CXX_LANGUAGE_STANDARD = "gnu++17";
				CLANG_ENABLE_MODULES = YES;
				CLANG_ENABLE_OBJC_ARC = YES;
				CLANG_ENABLE_OBJC_WEAK = YES;
				CLANG_WARN_BLOCK_CAPTURE_AUTORELEASING = YES;
				CLANG_WARN_BOOL_CONVERSION = YES;
				CLANG_WARN_COMMA = YES;
				CLANG_WARN_CONSTANT_CONVERSION = YES;
				CLANG_WARN_DEPRECATED_OBJC_IMPLEMENTATIONS = YES;
				CLANG_WARN_DIRECT_OBJC_ISA_USAGE = YES_ERROR;
				CLANG_WARN_DOCUMENTATION_COMMENTS = YES;
				CLANG_WARN_EMPTY_BODY = YES;
				CLANG_WARN_ENUM_CONVERSION = YES;
				CLANG_WARN_INFINITE_RECURSION = YES;
				CLANG_WARN_INT_CONVERSION = YES;
				CLANG_WARN_NON_LITERAL_NULL_CONVERSION = YES;
				CLANG_WARN_OBJC_IMPLICIT_RETAIN_SELF = YES;
				CLANG_WARN_OBJC_LITERAL_CONVERSION = YES;
				CLANG_WARN_OBJC_ROOT_CLASS = YES_ERROR;
				CLANG_WARN_QUOTED_INCLUDE_IN_FRAMEWORK_HEADER = YES;
				CLANG_WARN_RANGE_LOOP_ANALYSIS = YES;
				CLANG_WARN_STRICT_PROTOTYPES = YES;
				CLANG_WARN_SUSPICIOUS_MOVE = YES;
				CLANG_WARN_UNGUARDED_AVAILABILITY = YES_AGGRESSIVE;
				CLANG_WARN_UNREACHABLE_CODE = YES;
				CLANG_WARN__DUPLICATE_METHOD_MATCH = YES;
				COPY_PHASE_STRIP = NO;
				DEBUG_INFORMATION_FORMAT = dwarf;
				ENABLE_STRICT_OBJC_MSGSEND = YES;
				ENABLE_TESTABILITY = YES;
				GCC_C_LANGUAGE_STANDARD = gnu11;
				GCC_DYNAMIC_NO_PIC = NO;
				GCC_NO_COMMON_BLOCKS = YES;
				GCC_OPTIMIZATION_LEVEL = 0;
				GCC_PREPROCESSOR_DEFINITIONS = (
					"DEBUG=1",
					"$(inherited)",
				);
				GCC_WARN_64_TO_32_BIT_CONVERSION = YES;
				GCC_WARN_ABOUT_RETURN_TYPE = YES_ERROR;
				GCC_WARN_UNDECLARED_SELECTOR = YES;
				GCC_WARN_UNINITIALIZED_AUTOS = YES_AGGRESSIVE;
				GCC_WARN_UNUSED_FUNCTION = YES;
				GCC_WARN_UNUSED_VARIABLE = YES;
				IPHONEOS_DEPLOYMENT_TARGET = 15.4;
				MTL_ENABLE_DEBUG_INFO = INCLUDE_SOURCE;
				MTL_FAST_MATH = YES;
				ONLY_ACTIVE_ARCH = YES;
				SDKROOT = iphoneos;
				SWIFT_ACTIVE_COMPILATION_CONDITIONS = DEBUG;
				SWIFT_OPTIMIZATION_LEVEL = "-Onone";
			};
			name = Debug;
		};
		FE50736F2811BAE000D9F0A0 /* Release */ = {
			isa = XCBuildConfiguration;
			buildSettings = {
				ALWAYS_SEARCH_USER_PATHS = NO;
				CLANG_ANALYZER_NONNULL = YES;
				CLANG_ANALYZER_NUMBER_OBJECT_CONVERSION = YES_AGGRESSIVE;
				CLANG_CXX_LANGUAGE_STANDARD = "gnu++17";
				CLANG_ENABLE_MODULES = YES;
				CLANG_ENABLE_OBJC_ARC = YES;
				CLANG_ENABLE_OBJC_WEAK = YES;
				CLANG_WARN_BLOCK_CAPTURE_AUTORELEASING = YES;
				CLANG_WARN_BOOL_CONVERSION = YES;
				CLANG_WARN_COMMA = YES;
				CLANG_WARN_CONSTANT_CONVERSION = YES;
				CLANG_WARN_DEPRECATED_OBJC_IMPLEMENTATIONS = YES;
				CLANG_WARN_DIRECT_OBJC_ISA_USAGE = YES_ERROR;
				CLANG_WARN_DOCUMENTATION_COMMENTS = YES;
				CLANG_WARN_EMPTY_BODY = YES;
				CLANG_WARN_ENUM_CONVERSION = YES;
				CLANG_WARN_INFINITE_RECURSION = YES;
				CLANG_WARN_INT_CONVERSION = YES;
				CLANG_WARN_NON_LITERAL_NULL_CONVERSION = YES;
				CLANG_WARN_OBJC_IMPLICIT_RETAIN_SELF = YES;
				CLANG_WARN_OBJC_LITERAL_CONVERSION = YES;
				CLANG_WARN_OBJC_ROOT_CLASS = YES_ERROR;
				CLANG_WARN_QUOTED_INCLUDE_IN_FRAMEWORK_HEADER = YES;
				CLANG_WARN_RANGE_LOOP_ANALYSIS = YES;
				CLANG_WARN_STRICT_PROTOTYPES = YES;
				CLANG_WARN_SUSPICIOUS_MOVE = YES;
				CLANG_WARN_UNGUARDED_AVAILABILITY = YES_AGGRESSIVE;
				CLANG_WARN_UNREACHABLE_CODE = YES;
				CLANG_WARN__DUPLICATE_METHOD_MATCH = YES;
				COPY_PHASE_STRIP = NO;
				DEBUG_INFORMATION_FORMAT = "dwarf-with-dsym";
				ENABLE_NS_ASSERTIONS = NO;
				ENABLE_STRICT_OBJC_MSGSEND = YES;
				GCC_C_LANGUAGE_STANDARD = gnu11;
				GCC_NO_COMMON_BLOCKS = YES;
				GCC_WARN_64_TO_32_BIT_CONVERSION = YES;
				GCC_WARN_ABOUT_RETURN_TYPE = YES_ERROR;
				GCC_WARN_UNDECLARED_SELECTOR = YES;
				GCC_WARN_UNINITIALIZED_AUTOS = YES_AGGRESSIVE;
				GCC_WARN_UNUSED_FUNCTION = YES;
				GCC_WARN_UNUSED_VARIABLE = YES;
				IPHONEOS_DEPLOYMENT_TARGET = 15.4;
				MTL_ENABLE_DEBUG_INFO = NO;
				MTL_FAST_MATH = YES;
				SDKROOT = iphoneos;
				SWIFT_COMPILATION_MODE = wholemodule;
				SWIFT_OPTIMIZATION_LEVEL = "-O";
				VALIDATE_PRODUCT = YES;
			};
			name = Release;
		};
		FE5073712811BAE000D9F0A0 /* Debug */ = {
			isa = XCBuildConfiguration;
			baseConfigurationReference = C9ADF46F4315318350CF4E3D /* Pods-PersonalWellness.debug.xcconfig */;
			buildSettings = {
				ASSETCATALOG_COMPILER_APPICON_NAME = AppIcon;
				ASSETCATALOG_COMPILER_GLOBAL_ACCENT_COLOR_NAME = AccentColor;
				CODE_SIGN_STYLE = Automatic;
				CURRENT_PROJECT_VERSION = 1;
				GENERATE_INFOPLIST_FILE = YES;
				INFOPLIST_FILE = PersonalWellness/Info.plist;
				INFOPLIST_KEY_UIApplicationSupportsIndirectInputEvents = YES;
				INFOPLIST_KEY_UILaunchStoryboardName = LaunchScreen;
				INFOPLIST_KEY_UIMainStoryboardFile = Main;
				INFOPLIST_KEY_UISupportedInterfaceOrientations_iPad = "UIInterfaceOrientationPortrait UIInterfaceOrientationPortraitUpsideDown UIInterfaceOrientationLandscapeLeft UIInterfaceOrientationLandscapeRight";
				INFOPLIST_KEY_UISupportedInterfaceOrientations_iPhone = "UIInterfaceOrientationPortrait UIInterfaceOrientationLandscapeLeft UIInterfaceOrientationLandscapeRight";
				IPHONEOS_DEPLOYMENT_TARGET = 15.4;
				LD_RUNPATH_SEARCH_PATHS = (
					"$(inherited)",
					"@executable_path/Frameworks",
				);
				MARKETING_VERSION = 1.0;
				PRODUCT_BUNDLE_IDENTIFIER = com.victoria.PersonalWellness;
				PRODUCT_NAME = "$(TARGET_NAME)";
				SWIFT_EMIT_LOC_STRINGS = YES;
				SWIFT_VERSION = 5.0;
				TARGETED_DEVICE_FAMILY = "1,2";
			};
			name = Debug;
		};
		FE5073722811BAE000D9F0A0 /* Release */ = {
			isa = XCBuildConfiguration;
			baseConfigurationReference = 2636F8842615AD9FCF01898D /* Pods-PersonalWellness.release.xcconfig */;
			buildSettings = {
				ASSETCATALOG_COMPILER_APPICON_NAME = AppIcon;
				ASSETCATALOG_COMPILER_GLOBAL_ACCENT_COLOR_NAME = AccentColor;
				CODE_SIGN_STYLE = Automatic;
				CURRENT_PROJECT_VERSION = 1;
				GENERATE_INFOPLIST_FILE = YES;
				INFOPLIST_FILE = PersonalWellness/Info.plist;
				INFOPLIST_KEY_UIApplicationSupportsIndirectInputEvents = YES;
				INFOPLIST_KEY_UILaunchStoryboardName = LaunchScreen;
				INFOPLIST_KEY_UIMainStoryboardFile = Main;
				INFOPLIST_KEY_UISupportedInterfaceOrientations_iPad = "UIInterfaceOrientationPortrait UIInterfaceOrientationPortraitUpsideDown UIInterfaceOrientationLandscapeLeft UIInterfaceOrientationLandscapeRight";
				INFOPLIST_KEY_UISupportedInterfaceOrientations_iPhone = "UIInterfaceOrientationPortrait UIInterfaceOrientationLandscapeLeft UIInterfaceOrientationLandscapeRight";
				IPHONEOS_DEPLOYMENT_TARGET = 15.4;
				LD_RUNPATH_SEARCH_PATHS = (
					"$(inherited)",
					"@executable_path/Frameworks",
				);
				MARKETING_VERSION = 1.0;
				PRODUCT_BUNDLE_IDENTIFIER = com.victoria.PersonalWellness;
				PRODUCT_NAME = "$(TARGET_NAME)";
				SWIFT_EMIT_LOC_STRINGS = YES;
				SWIFT_VERSION = 5.0;
				TARGETED_DEVICE_FAMILY = "1,2";
			};
			name = Release;
		};
/* End XCBuildConfiguration section */

/* Begin XCConfigurationList section */
		FE5073572811BADE00D9F0A0 /* Build configuration list for PBXProject "PersonalWellness" */ = {
			isa = XCConfigurationList;
			buildConfigurations = (
				FE50736E2811BAE000D9F0A0 /* Debug */,
				FE50736F2811BAE000D9F0A0 /* Release */,
			);
			defaultConfigurationIsVisible = 0;
			defaultConfigurationName = Release;
		};
		FE5073702811BAE000D9F0A0 /* Build configuration list for PBXNativeTarget "PersonalWellness" */ = {
			isa = XCConfigurationList;
			buildConfigurations = (
				FE5073712811BAE000D9F0A0 /* Debug */,
				FE5073722811BAE000D9F0A0 /* Release */,
			);
			defaultConfigurationIsVisible = 0;
			defaultConfigurationName = Release;
		};
/* End XCConfigurationList section */
	};
	rootObject = FE5073542811BADE00D9F0A0 /* Project object */;
}
